// !$*UTF8*$!
{
	archiveVersion = 1;
	classes = {
	};
	objectVersion = 48;
	objects = {

/* Begin PBXBuildFile section */
		7C1A83AC600C4D4D14ED1696 /* Pods_UTMB.framework in Frameworks */ = {isa = PBXBuildFile; fileRef = 407C4620D795BCFD3B0A54EA /* Pods_UTMB.framework */; };
		E80D0738205812300003F045 /* courseList.swift in Sources */ = {isa = PBXBuildFile; fileRef = E80D0737205812300003F045 /* courseList.swift */; };
		E8155E5D20854F2E002EB21F /* detailVC.swift in Sources */ = {isa = PBXBuildFile; fileRef = E8155E5C20854F2E002EB21F /* detailVC.swift */; };
		E8155E5F208551EA002EB21F /* settingModel.swift in Sources */ = {isa = PBXBuildFile; fileRef = E8155E5E208551EA002EB21F /* settingModel.swift */; };
		E82D44FA205FF56D008C8104 /* bookList_localData.swift in Sources */ = {isa = PBXBuildFile; fileRef = E82D44F9205FF56D008C8104 /* bookList_localData.swift */; };
		E82D44FC20606662008C8104 /* bookList_storage.swift in Sources */ = {isa = PBXBuildFile; fileRef = E82D44FB20606662008C8104 /* bookList_storage.swift */; };
		E846DEC020AF73FC005B23E2 /* HomeNavigationC.swift in Sources */ = {isa = PBXBuildFile; fileRef = E846DEBF20AF73FC005B23E2 /* HomeNavigationC.swift */; };
		E846DEC320AF7482005B23E2 /* postSell.swift in Sources */ = {isa = PBXBuildFile; fileRef = E846DEC220AF7482005B23E2 /* postSell.swift */; };
		E84C85F620387250005B8F77 /* AppDelegate.swift in Sources */ = {isa = PBXBuildFile; fileRef = E84C85F520387250005B8F77 /* AppDelegate.swift */; };
		E84C85F820387250005B8F77 /* ViewController.swift in Sources */ = {isa = PBXBuildFile; fileRef = E84C85F720387250005B8F77 /* ViewController.swift */; };
		E84C85FB20387250005B8F77 /* Main.storyboard in Resources */ = {isa = PBXBuildFile; fileRef = E84C85F920387250005B8F77 /* Main.storyboard */; };
		E84C85FE20387250005B8F77 /* UTMB.xcdatamodeld in Sources */ = {isa = PBXBuildFile; fileRef = E84C85FC20387250005B8F77 /* UTMB.xcdatamodeld */; };
		E84C860020387250005B8F77 /* Assets.xcassets in Resources */ = {isa = PBXBuildFile; fileRef = E84C85FF20387250005B8F77 /* Assets.xcassets */; };
		E84C860320387250005B8F77 /* LaunchScreen.storyboard in Resources */ = {isa = PBXBuildFile; fileRef = E84C860120387250005B8F77 /* LaunchScreen.storyboard */; };
		E84C860B203872A6005B8F77 /* GoogleService-Info.plist in Resources */ = {isa = PBXBuildFile; fileRef = E84C860A203872A6005B8F77 /* GoogleService-Info.plist */; };
		E88244292053224D006DADCE /* Data.swift in Sources */ = {isa = PBXBuildFile; fileRef = E88244282053224D006DADCE /* Data.swift */; };
		E8AA184C205C18B200C81FF2 /* Data2.swift in Sources */ = {isa = PBXBuildFile; fileRef = E8AA184B205C18B200C81FF2 /* Data2.swift */; };
		E8D5613C2058552A009B0192 /* bookList.swift in Sources */ = {isa = PBXBuildFile; fileRef = E8D5613B2058552A009B0192 /* bookList.swift */; };
		E8D5613F20585566009B0192 /* bookListCell.swift in Sources */ = {isa = PBXBuildFile; fileRef = E8D5613E20585566009B0192 /* bookListCell.swift */; };
		E8D6E5D2203A09B400115C05 /* PDFView.swift in Sources */ = {isa = PBXBuildFile; fileRef = E8D6E5D1203A09B400115C05 /* PDFView.swift */; };
		E8D6E5D6203A198D00115C05 /* MainTabController.swift in Sources */ = {isa = PBXBuildFile; fileRef = E8D6E5D5203A198D00115C05 /* MainTabController.swift */; };
		E8D6E5D8203A19BF00115C05 /* HomePageController.swift in Sources */ = {isa = PBXBuildFile; fileRef = E8D6E5D7203A19BF00115C05 /* HomePageController.swift */; };
		E8D6E5DA203A19D000115C05 /* CategoryController.swift in Sources */ = {isa = PBXBuildFile; fileRef = E8D6E5D9203A19D000115C05 /* CategoryController.swift */; };
		E8D6E5DC203A1A0700115C05 /* MeController.swift in Sources */ = {isa = PBXBuildFile; fileRef = E8D6E5DB203A1A0700115C05 /* MeController.swift */; };
		E8D6E5DF203A21CF00115C05 /* HomeViewerCell.swift in Sources */ = {isa = PBXBuildFile; fileRef = E8D6E5DE203A21CF00115C05 /* HomeViewerCell.swift */; };
		E8D6E5E1203A21E800115C05 /* HomeCategoryCell.swift in Sources */ = {isa = PBXBuildFile; fileRef = E8D6E5E0203A21E800115C05 /* HomeCategoryCell.swift */; };
		E8D6E5E3203A220000115C05 /* HomeRecommandCell.swift in Sources */ = {isa = PBXBuildFile; fileRef = E8D6E5E2203A220000115C05 /* HomeRecommandCell.swift */; };
		E8D6E5E5203A224B00115C05 /* HomeNearbySellCell.swift in Sources */ = {isa = PBXBuildFile; fileRef = E8D6E5E4203A224B00115C05 /* HomeNearbySellCell.swift */; };
		E8D6E5E7203A229600115C05 /* HomeCategoryCollectionCell.swift in Sources */ = {isa = PBXBuildFile; fileRef = E8D6E5E6203A229600115C05 /* HomeCategoryCollectionCell.swift */; };
		E8D6E5EB203A320700115C05 /* MeLoginCell.swift in Sources */ = {isa = PBXBuildFile; fileRef = E8D6E5EA203A320700115C05 /* MeLoginCell.swift */; };
		E8D6E5ED203A338200115C05 /* LoginViewController.swift in Sources */ = {isa = PBXBuildFile; fileRef = E8D6E5EC203A338200115C05 /* LoginViewController.swift */; };
		E8D6E5EF203A338C00115C05 /* SignupViewController.swift in Sources */ = {isa = PBXBuildFile; fileRef = E8D6E5EE203A338C00115C05 /* SignupViewController.swift */; };
/* End PBXBuildFile section */

/* Begin PBXFileReference section */
		35362F7797C32F856D7360B6 /* Pods-UTMB.release.xcconfig */ = {isa = PBXFileReference; includeInIndex = 1; lastKnownFileType = text.xcconfig; name = "Pods-UTMB.release.xcconfig"; path = "Pods/Target Support Files/Pods-UTMB/Pods-UTMB.release.xcconfig"; sourceTree = "<group>"; };
		407C4620D795BCFD3B0A54EA /* Pods_UTMB.framework */ = {isa = PBXFileReference; explicitFileType = wrapper.framework; includeInIndex = 0; path = Pods_UTMB.framework; sourceTree = BUILT_PRODUCTS_DIR; };
		9A290B27740BB72B8EE9342C /* Pods-UTMB.debug.xcconfig */ = {isa = PBXFileReference; includeInIndex = 1; lastKnownFileType = text.xcconfig; name = "Pods-UTMB.debug.xcconfig"; path = "Pods/Target Support Files/Pods-UTMB/Pods-UTMB.debug.xcconfig"; sourceTree = "<group>"; };
		E80D0737205812300003F045 /* courseList.swift */ = {isa = PBXFileReference; lastKnownFileType = sourcecode.swift; path = courseList.swift; sourceTree = "<group>"; };
		E8155E5C20854F2E002EB21F /* detailVC.swift */ = {isa = PBXFileReference; lastKnownFileType = sourcecode.swift; path = detailVC.swift; sourceTree = "<group>"; };
		E8155E5E208551EA002EB21F /* settingModel.swift */ = {isa = PBXFileReference; lastKnownFileType = sourcecode.swift; path = settingModel.swift; sourceTree = "<group>"; };
		E82D44F9205FF56D008C8104 /* bookList_localData.swift */ = {isa = PBXFileReference; lastKnownFileType = sourcecode.swift; path = bookList_localData.swift; sourceTree = "<group>"; };
		E82D44FB20606662008C8104 /* bookList_storage.swift */ = {isa = PBXFileReference; lastKnownFileType = sourcecode.swift; path = bookList_storage.swift; sourceTree = "<group>"; };
		E846DEBF20AF73FC005B23E2 /* HomeNavigationC.swift */ = {isa = PBXFileReference; lastKnownFileType = sourcecode.swift; path = HomeNavigationC.swift; sourceTree = "<group>"; };
		E846DEC220AF7482005B23E2 /* postSell.swift */ = {isa = PBXFileReference; lastKnownFileType = sourcecode.swift; path = postSell.swift; sourceTree = "<group>"; };
		E84C85F220387250005B8F77 /* UTMB.app */ = {isa = PBXFileReference; explicitFileType = wrapper.application; includeInIndex = 0; path = UTMB.app; sourceTree = BUILT_PRODUCTS_DIR; };
		E84C85F520387250005B8F77 /* AppDelegate.swift */ = {isa = PBXFileReference; lastKnownFileType = sourcecode.swift; path = AppDelegate.swift; sourceTree = "<group>"; };
		E84C85F720387250005B8F77 /* ViewController.swift */ = {isa = PBXFileReference; lastKnownFileType = sourcecode.swift; path = ViewController.swift; sourceTree = "<group>"; };
		E84C85FA20387250005B8F77 /* Base */ = {isa = PBXFileReference; lastKnownFileType = file.storyboard; name = Base; path = Base.lproj/Main.storyboard; sourceTree = "<group>"; };
		E84C85FD20387250005B8F77 /* UTMB.xcdatamodel */ = {isa = PBXFileReference; lastKnownFileType = wrapper.xcdatamodel; path = UTMB.xcdatamodel; sourceTree = "<group>"; };
		E84C85FF20387250005B8F77 /* Assets.xcassets */ = {isa = PBXFileReference; lastKnownFileType = folder.assetcatalog; path = Assets.xcassets; sourceTree = "<group>"; };
		E84C860220387250005B8F77 /* Base */ = {isa = PBXFileReference; lastKnownFileType = file.storyboard; name = Base; path = Base.lproj/LaunchScreen.storyboard; sourceTree = "<group>"; };
		E84C860420387250005B8F77 /* Info.plist */ = {isa = PBXFileReference; lastKnownFileType = text.plist.xml; path = Info.plist; sourceTree = "<group>"; };
		E84C860A203872A6005B8F77 /* GoogleService-Info.plist */ = {isa = PBXFileReference; fileEncoding = 4; lastKnownFileType = text.plist.xml; path = "GoogleService-Info.plist"; sourceTree = "<group>"; };
		E88244282053224D006DADCE /* Data.swift */ = {isa = PBXFileReference; lastKnownFileType = sourcecode.swift; path = Data.swift; sourceTree = "<group>"; };
		E8AA184B205C18B200C81FF2 /* Data2.swift */ = {isa = PBXFileReference; fileEncoding = 4; lastKnownFileType = sourcecode.swift; path = Data2.swift; sourceTree = "<group>"; };
		E8D5613B2058552A009B0192 /* bookList.swift */ = {isa = PBXFileReference; lastKnownFileType = sourcecode.swift; path = bookList.swift; sourceTree = "<group>"; };
		E8D5613E20585566009B0192 /* bookListCell.swift */ = {isa = PBXFileReference; lastKnownFileType = sourcecode.swift; path = bookListCell.swift; sourceTree = "<group>"; };
		E8D6E5D1203A09B400115C05 /* PDFView.swift */ = {isa = PBXFileReference; lastKnownFileType = sourcecode.swift; path = PDFView.swift; sourceTree = "<group>"; };
		E8D6E5D5203A198D00115C05 /* MainTabController.swift */ = {isa = PBXFileReference; lastKnownFileType = sourcecode.swift; path = MainTabController.swift; sourceTree = "<group>"; };
		E8D6E5D7203A19BF00115C05 /* HomePageController.swift */ = {isa = PBXFileReference; lastKnownFileType = sourcecode.swift; path = HomePageController.swift; sourceTree = "<group>"; };
		E8D6E5D9203A19D000115C05 /* CategoryController.swift */ = {isa = PBXFileReference; lastKnownFileType = sourcecode.swift; path = CategoryController.swift; sourceTree = "<group>"; };
		E8D6E5DB203A1A0700115C05 /* MeController.swift */ = {isa = PBXFileReference; lastKnownFileType = sourcecode.swift; path = MeController.swift; sourceTree = "<group>"; };
		E8D6E5DE203A21CF00115C05 /* HomeViewerCell.swift */ = {isa = PBXFileReference; lastKnownFileType = sourcecode.swift; path = HomeViewerCell.swift; sourceTree = "<group>"; };
		E8D6E5E0203A21E800115C05 /* HomeCategoryCell.swift */ = {isa = PBXFileReference; lastKnownFileType = sourcecode.swift; path = HomeCategoryCell.swift; sourceTree = "<group>"; };
		E8D6E5E2203A220000115C05 /* HomeRecommandCell.swift */ = {isa = PBXFileReference; lastKnownFileType = sourcecode.swift; path = HomeRecommandCell.swift; sourceTree = "<group>"; };
		E8D6E5E4203A224B00115C05 /* HomeNearbySellCell.swift */ = {isa = PBXFileReference; lastKnownFileType = sourcecode.swift; path = HomeNearbySellCell.swift; sourceTree = "<group>"; };
		E8D6E5E6203A229600115C05 /* HomeCategoryCollectionCell.swift */ = {isa = PBXFileReference; lastKnownFileType = sourcecode.swift; path = HomeCategoryCollectionCell.swift; sourceTree = "<group>"; };
		E8D6E5EA203A320700115C05 /* MeLoginCell.swift */ = {isa = PBXFileReference; lastKnownFileType = sourcecode.swift; path = MeLoginCell.swift; sourceTree = "<group>"; };
		E8D6E5EC203A338200115C05 /* LoginViewController.swift */ = {isa = PBXFileReference; lastKnownFileType = sourcecode.swift; path = LoginViewController.swift; sourceTree = "<group>"; };
		E8D6E5EE203A338C00115C05 /* SignupViewController.swift */ = {isa = PBXFileReference; lastKnownFileType = sourcecode.swift; path = SignupViewController.swift; sourceTree = "<group>"; };
/* End PBXFileReference section */

/* Begin PBXFrameworksBuildPhase section */
		E84C85EF20387250005B8F77 /* Frameworks */ = {
			isa = PBXFrameworksBuildPhase;
			buildActionMask = 2147483647;
			files = (
				7C1A83AC600C4D4D14ED1696 /* Pods_UTMB.framework in Frameworks */,
			);
			runOnlyForDeploymentPostprocessing = 0;
		};
/* End PBXFrameworksBuildPhase section */

/* Begin PBXGroup section */
		50CF259325FD545C1897FA47 /* Pods */ = {
			isa = PBXGroup;
			children = (
				9A290B27740BB72B8EE9342C /* Pods-UTMB.debug.xcconfig */,
				35362F7797C32F856D7360B6 /* Pods-UTMB.release.xcconfig */,
			);
			name = Pods;
			sourceTree = "<group>";
		};
		8CB8A133F54769F4DF9EB075 /* Frameworks */ = {
			isa = PBXGroup;
			children = (
				407C4620D795BCFD3B0A54EA /* Pods_UTMB.framework */,
			);
			name = Frameworks;
			sourceTree = "<group>";
		};
		E80D0736205812040003F045 /* CoursePage */ = {
			isa = PBXGroup;
			children = (
				E8D6E5D9203A19D000115C05 /* CategoryController.swift */,
				E80D0737205812300003F045 /* courseList.swift */,
				E8D5613B2058552A009B0192 /* bookList.swift */,
				E8AA184B205C18B200C81FF2 /* Data2.swift */,
				E8D6E5D1203A09B400115C05 /* PDFView.swift */,
				E82D44F9205FF56D008C8104 /* bookList_localData.swift */,
				E82D44FB20606662008C8104 /* bookList_storage.swift */,
			);
			path = CoursePage;
			sourceTree = "<group>";
		};
		E8155E5B208521D1002EB21F /* MyAccount */ = {
			isa = PBXGroup;
			children = (
				E8D6E5DB203A1A0700115C05 /* MeController.swift */,
				E8D6E5EC203A338200115C05 /* LoginViewController.swift */,
				E8D6E5EE203A338C00115C05 /* SignupViewController.swift */,
				E8155E5C20854F2E002EB21F /* detailVC.swift */,
				E8155E5E208551EA002EB21F /* settingModel.swift */,
			);
			path = MyAccount;
			sourceTree = "<group>";
		};
		E846DEC120AF7468005B23E2 /* Home */ = {
			isa = PBXGroup;
			children = (
				E846DEC220AF7482005B23E2 /* postSell.swift */,
			);
			path = Home;
			sourceTree = "<group>";
		};
		E84C85E920387250005B8F77 = {
			isa = PBXGroup;
			children = (
				E84C85F420387250005B8F77 /* UTMB */,
				E84C85F320387250005B8F77 /* Products */,
				50CF259325FD545C1897FA47 /* Pods */,
				8CB8A133F54769F4DF9EB075 /* Frameworks */,
			);
			sourceTree = "<group>";
		};
		E84C85F320387250005B8F77 /* Products */ = {
			isa = PBXGroup;
			children = (
				E84C85F220387250005B8F77 /* UTMB.app */,
			);
			name = Products;
			sourceTree = "<group>";
		};
		E84C85F420387250005B8F77 /* UTMB */ = {
			isa = PBXGroup;
			children = (
				E846DEC120AF7468005B23E2 /* Home */,
				E8155E5B208521D1002EB21F /* MyAccount */,
				E80D0736205812040003F045 /* CoursePage */,
				E8D6E5D4203A196E00115C05 /* Cells */,
				E8D6E5D3203A196700115C05 /* ViewController */,
				E84C85F520387250005B8F77 /* AppDelegate.swift */,
				E84C85F720387250005B8F77 /* ViewController.swift */,
				E84C85F920387250005B8F77 /* Main.storyboard */,
				E84C85FF20387250005B8F77 /* Assets.xcassets */,
				E84C860120387250005B8F77 /* LaunchScreen.storyboard */,
				E84C860420387250005B8F77 /* Info.plist */,
				E84C85FC20387250005B8F77 /* UTMB.xcdatamodeld */,
				E84C860A203872A6005B8F77 /* GoogleService-Info.plist */,
			);
			path = UTMB;
			sourceTree = "<group>";
		};
		E8D5613D2058554A009B0192 /* CoursePage */ = {
			isa = PBXGroup;
			children = (
				E8D5613E20585566009B0192 /* bookListCell.swift */,
			);
			path = CoursePage;
			sourceTree = "<group>";
		};
		E8D6E5D3203A196700115C05 /* ViewController */ = {
			isa = PBXGroup;
			children = (
				E8D6E5D5203A198D00115C05 /* MainTabController.swift */,
				E8D6E5D7203A19BF00115C05 /* HomePageController.swift */,
				E846DEBF20AF73FC005B23E2 /* HomeNavigationC.swift */,
			);
			path = ViewController;
			sourceTree = "<group>";
		};
		E8D6E5D4203A196E00115C05 /* Cells */ = {
			isa = PBXGroup;
			children = (
				E8D5613D2058554A009B0192 /* CoursePage */,
				E8D6E5E9203A31EE00115C05 /* LoginSignup */,
				E8D6E5E8203A31E300115C05 /* Me */,
				E8D6E5DD203A21B700115C05 /* Homepage */,
			);
			path = Cells;
			sourceTree = "<group>";
		};
		E8D6E5DD203A21B700115C05 /* Homepage */ = {
			isa = PBXGroup;
			children = (
				E8D6E5DE203A21CF00115C05 /* HomeViewerCell.swift */,
				E8D6E5E0203A21E800115C05 /* HomeCategoryCell.swift */,
				E8D6E5E2203A220000115C05 /* HomeRecommandCell.swift */,
				E8D6E5E4203A224B00115C05 /* HomeNearbySellCell.swift */,
				E8D6E5E6203A229600115C05 /* HomeCategoryCollectionCell.swift */,
				E88244282053224D006DADCE /* Data.swift */,
			);
			path = Homepage;
			sourceTree = "<group>";
		};
		E8D6E5E8203A31E300115C05 /* Me */ = {
			isa = PBXGroup;
			children = (
				E8D6E5EA203A320700115C05 /* MeLoginCell.swift */,
			);
			path = Me;
			sourceTree = "<group>";
		};
		E8D6E5E9203A31EE00115C05 /* LoginSignup */ = {
			isa = PBXGroup;
			children = (
			);
			path = LoginSignup;
			sourceTree = "<group>";
		};
/* End PBXGroup section */

/* Begin PBXNativeTarget section */
		E84C85F120387250005B8F77 /* UTMB */ = {
			isa = PBXNativeTarget;
			buildConfigurationList = E84C860720387250005B8F77 /* Build configuration list for PBXNativeTarget "UTMB" */;
			buildPhases = (
				E93F7BAB1E3F1F19CBEC6132 /* [CP] Check Pods Manifest.lock */,
				E84C85EE20387250005B8F77 /* Sources */,
				E84C85EF20387250005B8F77 /* Frameworks */,
				E84C85F020387250005B8F77 /* Resources */,
				A3FE18830CFC3C78650D211D /* [CP] Embed Pods Frameworks */,
				DFD9E12DFFE5F62E1876B6C9 /* [CP] Copy Pods Resources */,
			);
			buildRules = (
			);
			dependencies = (
			);
			name = UTMB;
			productName = UTMB;
			productReference = E84C85F220387250005B8F77 /* UTMB.app */;
			productType = "com.apple.product-type.application";
		};
/* End PBXNativeTarget section */

/* Begin PBXProject section */
		E84C85EA20387250005B8F77 /* Project object */ = {
			isa = PBXProject;
			attributes = {
				LastSwiftUpdateCheck = 0920;
				LastUpgradeCheck = 0920;
				ORGANIZATIONNAME = Edwin;
				TargetAttributes = {
					E84C85F120387250005B8F77 = {
						CreatedOnToolsVersion = 9.2;
						ProvisioningStyle = Automatic;
					};
				};
			};
			buildConfigurationList = E84C85ED20387250005B8F77 /* Build configuration list for PBXProject "UTMB" */;
			compatibilityVersion = "Xcode 8.0";
			developmentRegion = en;
			hasScannedForEncodings = 0;
			knownRegions = (
				en,
				Base,
			);
			mainGroup = E84C85E920387250005B8F77;
			productRefGroup = E84C85F320387250005B8F77 /* Products */;
			projectDirPath = "";
			projectRoot = "";
			targets = (
				E84C85F120387250005B8F77 /* UTMB */,
			);
		};
/* End PBXProject section */

/* Begin PBXResourcesBuildPhase section */
		E84C85F020387250005B8F77 /* Resources */ = {
			isa = PBXResourcesBuildPhase;
			buildActionMask = 2147483647;
			files = (
				E84C860320387250005B8F77 /* LaunchScreen.storyboard in Resources */,
				E84C860B203872A6005B8F77 /* GoogleService-Info.plist in Resources */,
				E84C860020387250005B8F77 /* Assets.xcassets in Resources */,
				E84C85FB20387250005B8F77 /* Main.storyboard in Resources */,
			);
			runOnlyForDeploymentPostprocessing = 0;
		};
/* End PBXResourcesBuildPhase section */

/* Begin PBXShellScriptBuildPhase section */
		A3FE18830CFC3C78650D211D /* [CP] Embed Pods Frameworks */ = {
			isa = PBXShellScriptBuildPhase;
			buildActionMask = 2147483647;
			files = (
			);
			inputPaths = (
				"${SRCROOT}/Pods/Target Support Files/Pods-UTMB/Pods-UTMB-frameworks.sh",
				"${BUILT_PRODUCTS_DIR}/Alamofire/Alamofire.framework",
				"${BUILT_PRODUCTS_DIR}/GTMSessionFetcher/GTMSessionFetcher.framework",
				"${BUILT_PRODUCTS_DIR}/GoogleToolboxForMac/GoogleToolboxForMac.framework",
				"${BUILT_PRODUCTS_DIR}/MBProgressHUD/MBProgressHUD.framework",
				"${BUILT_PRODUCTS_DIR}/Protobuf/Protobuf.framework",
				"${BUILT_PRODUCTS_DIR}/SDWebImage/SDWebImage.framework",
				"${BUILT_PRODUCTS_DIR}/leveldb-library/leveldb.framework",
				"${BUILT_PRODUCTS_DIR}/nanopb/nanopb.framework",
			);
			name = "[CP] Embed Pods Frameworks";
			outputPaths = (
				"${TARGET_BUILD_DIR}/${FRAMEWORKS_FOLDER_PATH}/Alamofire.framework",
				"${TARGET_BUILD_DIR}/${FRAMEWORKS_FOLDER_PATH}/GTMSessionFetcher.framework",
				"${TARGET_BUILD_DIR}/${FRAMEWORKS_FOLDER_PATH}/GoogleToolboxForMac.framework",
				"${TARGET_BUILD_DIR}/${FRAMEWORKS_FOLDER_PATH}/MBProgressHUD.framework",
				"${TARGET_BUILD_DIR}/${FRAMEWORKS_FOLDER_PATH}/Protobuf.framework",
				"${TARGET_BUILD_DIR}/${FRAMEWORKS_FOLDER_PATH}/SDWebImage.framework",
				"${TARGET_BUILD_DIR}/${FRAMEWORKS_FOLDER_PATH}/leveldb.framework",
				"${TARGET_BUILD_DIR}/${FRAMEWORKS_FOLDER_PATH}/nanopb.framework",
			);
			runOnlyForDeploymentPostprocessing = 0;
			shellPath = /bin/sh;
			shellScript = "\"${SRCROOT}/Pods/Target Support Files/Pods-UTMB/Pods-UTMB-frameworks.sh\"\n";
			showEnvVarsInLog = 0;
		};
		DFD9E12DFFE5F62E1876B6C9 /* [CP] Copy Pods Resources */ = {
			isa = PBXShellScriptBuildPhase;
			buildActionMask = 2147483647;
			files = (
			);
			inputPaths = (
			);
			name = "[CP] Copy Pods Resources";
			outputPaths = (
			);
			runOnlyForDeploymentPostprocessing = 0;
			shellPath = /bin/sh;
			shellScript = "\"${SRCROOT}/Pods/Target Support Files/Pods-UTMB/Pods-UTMB-resources.sh\"\n";
			showEnvVarsInLog = 0;
		};
		E93F7BAB1E3F1F19CBEC6132 /* [CP] Check Pods Manifest.lock */ = {
			isa = PBXShellScriptBuildPhase;
			buildActionMask = 2147483647;
			files = (
			);
			inputPaths = (
				"${PODS_PODFILE_DIR_PATH}/Podfile.lock",
				"${PODS_ROOT}/Manifest.lock",
			);
			name = "[CP] Check Pods Manifest.lock";
			outputPaths = (
				"$(DERIVED_FILE_DIR)/Pods-UTMB-checkManifestLockResult.txt",
			);
			runOnlyForDeploymentPostprocessing = 0;
			shellPath = /bin/sh;
			shellScript = "diff \"${PODS_PODFILE_DIR_PATH}/Podfile.lock\" \"${PODS_ROOT}/Manifest.lock\" > /dev/null\nif [ $? != 0 ] ; then\n    # print error to STDERR\n    echo \"error: The sandbox is not in sync with the Podfile.lock. Run 'pod install' or update your CocoaPods installation.\" >&2\n    exit 1\nfi\n# This output is used by Xcode 'outputs' to avoid re-running this script phase.\necho \"SUCCESS\" > \"${SCRIPT_OUTPUT_FILE_0}\"\n";
			showEnvVarsInLog = 0;
		};
/* End PBXShellScriptBuildPhase section */

/* Begin PBXSourcesBuildPhase section */
		E84C85EE20387250005B8F77 /* Sources */ = {
			isa = PBXSourcesBuildPhase;
			buildActionMask = 2147483647;
			files = (
				E8155E5F208551EA002EB21F /* settingModel.swift in Sources */,
				E8D6E5E1203A21E800115C05 /* HomeCategoryCell.swift in Sources */,
				E84C85FE20387250005B8F77 /* UTMB.xcdatamodeld in Sources */,
				E8D6E5D2203A09B400115C05 /* PDFView.swift in Sources */,
				E8D6E5ED203A338200115C05 /* LoginViewController.swift in Sources */,
				E8D6E5D6203A198D00115C05 /* MainTabController.swift in Sources */,
				E8D6E5DC203A1A0700115C05 /* MeController.swift in Sources */,
				E8D6E5E7203A229600115C05 /* HomeCategoryCollectionCell.swift in Sources */,
				E8D6E5E3203A220000115C05 /* HomeRecommandCell.swift in Sources */,
				E82D44FA205FF56D008C8104 /* bookList_localData.swift in Sources */,
				E8D6E5DA203A19D000115C05 /* CategoryController.swift in Sources */,
				E8AA184C205C18B200C81FF2 /* Data2.swift in Sources */,
				E846DEC020AF73FC005B23E2 /* HomeNavigationC.swift in Sources */,
				E84C85F820387250005B8F77 /* ViewController.swift in Sources */,
				E82D44FC20606662008C8104 /* bookList_storage.swift in Sources */,
				E8D6E5EF203A338C00115C05 /* SignupViewController.swift in Sources */,
				E8D6E5DF203A21CF00115C05 /* HomeViewerCell.swift in Sources */,
				E8D6E5E5203A224B00115C05 /* HomeNearbySellCell.swift in Sources */,
				E88244292053224D006DADCE /* Data.swift in Sources */,
				E80D0738205812300003F045 /* courseList.swift in Sources */,
				E8D6E5EB203A320700115C05 /* MeLoginCell.swift in Sources */,
				E8D5613F20585566009B0192 /* bookListCell.swift in Sources */,
				E846DEC320AF7482005B23E2 /* postSell.swift in Sources */,
				E8D5613C2058552A009B0192 /* bookList.swift in Sources */,
				E8155E5D20854F2E002EB21F /* detailVC.swift in Sources */,
				E84C85F620387250005B8F77 /* AppDelegate.swift in Sources */,
				E8D6E5D8203A19BF00115C05 /* HomePageController.swift in Sources */,
			);
			runOnlyForDeploymentPostprocessing = 0;
		};
/* End PBXSourcesBuildPhase section */

/* Begin PBXVariantGroup section */
		E84C85F920387250005B8F77 /* Main.storyboard */ = {
			isa = PBXVariantGroup;
			children = (
				E84C85FA20387250005B8F77 /* Base */,
			);
			name = Main.storyboard;
			sourceTree = "<group>";
		};
		E84C860120387250005B8F77 /* LaunchScreen.storyboard */ = {
			isa = PBXVariantGroup;
			children = (
				E84C860220387250005B8F77 /* Base */,
			);
			name = LaunchScreen.storyboard;
			sourceTree = "<group>";
		};
/* End PBXVariantGroup section */

/* Begin XCBuildConfiguration section */
		E84C860520387250005B8F77 /* Debug */ = {
			isa = XCBuildConfiguration;
			buildSettings = {
				ALWAYS_SEARCH_USER_PATHS = NO;
				CLANG_ANALYZER_NONNULL = YES;
				CLANG_ANALYZER_NUMBER_OBJECT_CONVERSION = YES_AGGRESSIVE;
				CLANG_CXX_LANGUAGE_STANDARD = "gnu++14";
				CLANG_CXX_LIBRARY = "libc++";
				CLANG_ENABLE_MODULES = YES;
				CLANG_ENABLE_OBJC_ARC = YES;
				CLANG_WARN_BLOCK_CAPTURE_AUTORELEASING = YES;
				CLANG_WARN_BOOL_CONVERSION = YES;
				CLANG_WARN_COMMA = YES;
				CLANG_WARN_CONSTANT_CONVERSION = YES;
				CLANG_WARN_DIRECT_OBJC_ISA_USAGE = YES_ERROR;
				CLANG_WARN_DOCUMENTATION_COMMENTS = YES;
				CLANG_WARN_EMPTY_BODY = YES;
				CLANG_WARN_ENUM_CONVERSION = YES;
				CLANG_WARN_INFINITE_RECURSION = YES;
				CLANG_WARN_INT_CONVERSION = YES;
				CLANG_WARN_NON_LITERAL_NULL_CONVERSION = YES;
				CLANG_WARN_OBJC_LITERAL_CONVERSION = YES;
				CLANG_WARN_OBJC_ROOT_CLASS = YES_ERROR;
				CLANG_WARN_RANGE_LOOP_ANALYSIS = YES;
				CLANG_WARN_STRICT_PROTOTYPES = YES;
				CLANG_WARN_SUSPICIOUS_MOVE = YES;
				CLANG_WARN_UNGUARDED_AVAILABILITY = YES_AGGRESSIVE;
				CLANG_WARN_UNREACHABLE_CODE = YES;
				CLANG_WARN__DUPLICATE_METHOD_MATCH = YES;
				CODE_SIGN_IDENTITY = "iPhone Developer";
				COPY_PHASE_STRIP = NO;
				DEBUG_INFORMATION_FORMAT = dwarf;
				ENABLE_STRICT_OBJC_MSGSEND = YES;
				ENABLE_TESTABILITY = YES;
				GCC_C_LANGUAGE_STANDARD = gnu11;
				GCC_DYNAMIC_NO_PIC = NO;
				GCC_NO_COMMON_BLOCKS = YES;
				GCC_OPTIMIZATION_LEVEL = 0;
				GCC_PREPROCESSOR_DEFINITIONS = (
					"DEBUG=1",
					"$(inherited)",
				);
				GCC_WARN_64_TO_32_BIT_CONVERSION = YES;
				GCC_WARN_ABOUT_RETURN_TYPE = YES_ERROR;
				GCC_WARN_UNDECLARED_SELECTOR = YES;
				GCC_WARN_UNINITIALIZED_AUTOS = YES_AGGRESSIVE;
				GCC_WARN_UNUSED_FUNCTION = YES;
				GCC_WARN_UNUSED_VARIABLE = YES;
				IPHONEOS_DEPLOYMENT_TARGET = 11.2;
				MTL_ENABLE_DEBUG_INFO = YES;
				ONLY_ACTIVE_ARCH = YES;
				SDKROOT = iphoneos;
				SWIFT_ACTIVE_COMPILATION_CONDITIONS = DEBUG;
				SWIFT_OPTIMIZATION_LEVEL = "-Onone";
			};
			name = Debug;
		};
		E84C860620387250005B8F77 /* Release */ = {
			isa = XCBuildConfiguration;
			buildSettings = {
				ALWAYS_SEARCH_USER_PATHS = NO;
				CLANG_ANALYZER_NONNULL = YES;
				CLANG_ANALYZER_NUMBER_OBJECT_CONVERSION = YES_AGGRESSIVE;
				CLANG_CXX_LANGUAGE_STANDARD = "gnu++14";
				CLANG_CXX_LIBRARY = "libc++";
				CLANG_ENABLE_MODULES = YES;
				CLANG_ENABLE_OBJC_ARC = YES;
				CLANG_WARN_BLOCK_CAPTURE_AUTORELEASING = YES;
				CLANG_WARN_BOOL_CONVERSION = YES;
				CLANG_WARN_COMMA = YES;
				CLANG_WARN_CONSTANT_CONVERSION = YES;
				CLANG_WARN_DIRECT_OBJC_ISA_USAGE = YES_ERROR;
				CLANG_WARN_DOCUMENTATION_COMMENTS = YES;
				CLANG_WARN_EMPTY_BODY = YES;
				CLANG_WARN_ENUM_CONVERSION = YES;
				CLANG_WARN_INFINITE_RECURSION = YES;
				CLANG_WARN_INT_CONVERSION = YES;
				CLANG_WARN_NON_LITERAL_NULL_CONVERSION = YES;
				CLANG_WARN_OBJC_LITERAL_CONVERSION = YES;
				CLANG_WARN_OBJC_ROOT_CLASS = YES_ERROR;
				CLANG_WARN_RANGE_LOOP_ANALYSIS = YES;
				CLANG_WARN_STRICT_PROTOTYPES = YES;
				CLANG_WARN_SUSPICIOUS_MOVE = YES;
				CLANG_WARN_UNGUARDED_AVAILABILITY = YES_AGGRESSIVE;
				CLANG_WARN_UNREACHABLE_CODE = YES;
				CLANG_WARN__DUPLICATE_METHOD_MATCH = YES;
				CODE_SIGN_IDENTITY = "iPhone Developer";
				COPY_PHASE_STRIP = NO;
				DEBUG_INFORMATION_FORMAT = "dwarf-with-dsym";
				ENABLE_NS_ASSERTIONS = NO;
				ENABLE_STRICT_OBJC_MSGSEND = YES;
				GCC_C_LANGUAGE_STANDARD = gnu11;
				GCC_NO_COMMON_BLOCKS = YES;
				GCC_WARN_64_TO_32_BIT_CONVERSION = YES;
				GCC_WARN_ABOUT_RETURN_TYPE = YES_ERROR;
				GCC_WARN_UNDECLARED_SELECTOR = YES;
				GCC_WARN_UNINITIALIZED_AUTOS = YES_AGGRESSIVE;
				GCC_WARN_UNUSED_FUNCTION = YES;
				GCC_WARN_UNUSED_VARIABLE = YES;
				IPHONEOS_DEPLOYMENT_TARGET = 11.2;
				MTL_ENABLE_DEBUG_INFO = NO;
				SDKROOT = iphoneos;
				SWIFT_OPTIMIZATION_LEVEL = "-Owholemodule";
				VALIDATE_PRODUCT = YES;
			};
			name = Release;
		};
		E84C860820387250005B8F77 /* Debug */ = {
			isa = XCBuildConfiguration;
			baseConfigurationReference = 9A290B27740BB72B8EE9342C /* Pods-UTMB.debug.xcconfig */;
			buildSettings = {
				ASSETCATALOG_COMPILER_APPICON_NAME = AppIcon;
				CODE_SIGN_STYLE = Automatic;
				DEVELOPMENT_TEAM = GCPU83AAPV;
				INFOPLIST_FILE = UTMB/Info.plist;
				IPHONEOS_DEPLOYMENT_TARGET = 11.0;
				LD_RUNPATH_SEARCH_PATHS = "$(inherited) @executable_path/Frameworks";
				PRODUCT_BUNDLE_IDENTIFIER = com.Edwin.UTMB;
				PRODUCT_NAME = "$(TARGET_NAME)";
				SWIFT_VERSION = 4.0;
				TARGETED_DEVICE_FAMILY = 1;
			};
			name = Debug;
		};
		E84C860920387250005B8F77 /* Release */ = {
			isa = XCBuildConfiguration;
			baseConfigurationReference = 35362F7797C32F856D7360B6 /* Pods-UTMB.release.xcconfig */;
			buildSettings = {
				ASSETCATALOG_COMPILER_APPICON_NAME = AppIcon;
				CODE_SIGN_STYLE = Automatic;
				DEVELOPMENT_TEAM = GCPU83AAPV;
				INFOPLIST_FILE = UTMB/Info.plist;
				IPHONEOS_DEPLOYMENT_TARGET = 11.0;
				LD_RUNPATH_SEARCH_PATHS = "$(inherited) @executable_path/Frameworks";
				PRODUCT_BUNDLE_IDENTIFIER = com.Edwin.UTMB;
				PRODUCT_NAME = "$(TARGET_NAME)";
				SWIFT_VERSION = 4.0;
				TARGETED_DEVICE_FAMILY = 1;
			};
			name = Release;
		};
/* End XCBuildConfiguration section */

/* Begin XCConfigurationList section */
		E84C85ED20387250005B8F77 /* Build configuration list for PBXProject "UTMB" */ = {
			isa = XCConfigurationList;
			buildConfigurations = (
				E84C860520387250005B8F77 /* Debug */,
				E84C860620387250005B8F77 /* Release */,
			);
			defaultConfigurationIsVisible = 0;
			defaultConfigurationName = Release;
		};
		E84C860720387250005B8F77 /* Build configuration list for PBXNativeTarget "UTMB" */ = {
			isa = XCConfigurationList;
			buildConfigurations = (
				E84C860820387250005B8F77 /* Debug */,
				E84C860920387250005B8F77 /* Release */,
			);
			defaultConfigurationIsVisible = 0;
			defaultConfigurationName = Release;
		};
/* End XCConfigurationList section */

/* Begin XCVersionGroup section */
		E84C85FC20387250005B8F77 /* UTMB.xcdatamodeld */ = {
			isa = XCVersionGroup;
			children = (
				E84C85FD20387250005B8F77 /* UTMB.xcdatamodel */,
			);
			currentVersion = E84C85FD20387250005B8F77 /* UTMB.xcdatamodel */;
			path = UTMB.xcdatamodeld;
			sourceTree = "<group>";
			versionGroupType = wrapper.xcdatamodel;
		};
/* End XCVersionGroup section */
	};
	rootObject = E84C85EA20387250005B8F77 /* Project object */;
}
